// !$*UTF8*$!
{
	archiveVersion = 1;
	classes = {
	};
	objectVersion = 46;
	objects = {

/* Begin PBXBuildFile section */
		B2EAF0255AE10DF90E4DB2F6 /* Info.plist in Resources */ = {isa = PBXBuildFile; fileRef = B2EAF392345922E8C1819DB8 /* Info.plist */; };
		B2EAF08CE17271A9F824C5AC /* AppDelegate.m in Sources */ = {isa = PBXBuildFile; fileRef = B2EAF4341BFE8DABF708EFBF /* AppDelegate.m */; };
		B2EAF296ED4999AAE99890FF /* SoundTestUITests.m in Sources */ = {isa = PBXBuildFile; fileRef = B2EAF0A8FFB698025BBFB365 /* SoundTestUITests.m */; };
		B2EAF2BE145196ABFDD373D7 /* main.m in Sources */ = {isa = PBXBuildFile; fileRef = B2EAFEAD9BCFDDBBC77F9A42 /* main.m */; };
		B2EAF321236CEAB9F7905E1A /* Info.plist in Resources */ = {isa = PBXBuildFile; fileRef = B2EAF6041CFC14B593250192 /* Info.plist */; };
		B2EAF42576257BC2922A1E90 /* SoundTestTests.m in Sources */ = {isa = PBXBuildFile; fileRef = B2EAFF765D2DA43B96D15673 /* SoundTestTests.m */; };
		B2EAF8C4BA24B87A33431C46 /* Assets.xcassets in Resources */ = {isa = PBXBuildFile; fileRef = B2EAFE24FC548A54E6B59C4A /* Assets.xcassets */; };
		B2EAFA8C872A8E60E206BE5D /* ViewController.m in Sources */ = {isa = PBXBuildFile; fileRef = B2EAF5AF07D8DF7F9A75E326 /* ViewController.m */; };
		B2EAFCDA999BEF651A5966D7 /* Info.plist in Resources */ = {isa = PBXBuildFile; fileRef = B2EAF4927E62E6B296511D46 /* Info.plist */; };
		B2EAFEE0955FAD29D9EF5ECE /* Main.storyboard in Resources */ = {isa = PBXBuildFile; fileRef = B2EAFA6DCE4D6C00F01928B4 /* Main.storyboard */; };
/* End PBXBuildFile section */

/* Begin PBXContainerItemProxy section */
		B2EAF529AFA04A83408D4D24 /* PBXContainerItemProxy */ = {
			isa = PBXContainerItemProxy;
			containerPortal = B2EAF7D274761BDE088B43C3 /* Project object */;
			proxyType = 1;
			remoteGlobalIDString = B2EAF461C36E0FD490C50FA1;
			remoteInfo = SoundTest;
		};
		B2EAFD90DC3010BF605CEFCD /* PBXContainerItemProxy */ = {
			isa = PBXContainerItemProxy;
			containerPortal = B2EAF7D274761BDE088B43C3 /* Project object */;
			proxyType = 1;
			remoteGlobalIDString = B2EAF461C36E0FD490C50FA1;
			remoteInfo = SoundTest;
		};
/* End PBXContainerItemProxy section */

/* Begin PBXFileReference section */
		B2EAF0A8FFB698025BBFB365 /* SoundTestUITests.m */ = {isa = PBXFileReference; lastKnownFileType = sourcecode.c.objc; path = SoundTestUITests.m; sourceTree = "<group>"; };
		B2EAF392345922E8C1819DB8 /* Info.plist */ = {isa = PBXFileReference; lastKnownFileType = text.plist.info; path = Info.plist; sourceTree = "<group>"; };
		B2EAF4251CD50C189808ED03 /* AppDelegate.h */ = {isa = PBXFileReference; lastKnownFileType = sourcecode.c.h; path = AppDelegate.h; sourceTree = "<group>"; };
		B2EAF4341BFE8DABF708EFBF /* AppDelegate.m */ = {isa = PBXFileReference; lastKnownFileType = sourcecode.c.objc; path = AppDelegate.m; sourceTree = "<group>"; };
		B2EAF4927E62E6B296511D46 /* Info.plist */ = {isa = PBXFileReference; lastKnownFileType = text.plist.info; path = Info.plist; sourceTree = "<group>"; };
		B2EAF5AF07D8DF7F9A75E326 /* ViewController.m */ = {isa = PBXFileReference; lastKnownFileType = sourcecode.c.objc; path = ViewController.m; sourceTree = "<group>"; };
		B2EAF6041CFC14B593250192 /* Info.plist */ = {isa = PBXFileReference; lastKnownFileType = text.plist.info; path = Info.plist; sourceTree = "<group>"; };
		B2EAF67E08378C6157490C40 /* SoundTestUITests.xctest */ = {isa = PBXFileReference; explicitFileType = wrapper.cfbundle; includeInIndex = 0; path = SoundTestUITests.xctest; sourceTree = BUILT_PRODUCTS_DIR; };
		B2EAF7071D5B5E0DD7409ED4 /* SoundTestTests.xctest */ = {isa = PBXFileReference; explicitFileType = wrapper.cfbundle; includeInIndex = 0; path = SoundTestTests.xctest; sourceTree = BUILT_PRODUCTS_DIR; };
		B2EAF8FFECD352F763CB4C3A /* SoundTest.app */ = {isa = PBXFileReference; explicitFileType = wrapper.application; includeInIndex = 0; path = SoundTest.app; sourceTree = BUILT_PRODUCTS_DIR; };
		B2EAFE24FC548A54E6B59C4A /* Assets.xcassets */ = {isa = PBXFileReference; lastKnownFileType = folder.assetcatalog; path = Assets.xcassets; sourceTree = "<group>"; };
		B2EAFE67F28A32C5E59B38DB /* Base */ = {isa = PBXFileReference; lastKnownFileType = file.storyboard; name = Base; path = Base.lproj/Main.storyboard; sourceTree = "<group>"; };
		B2EAFE8AD384EA1438C1C838 /* ViewController.h */ = {isa = PBXFileReference; lastKnownFileType = sourcecode.c.h; path = ViewController.h; sourceTree = "<group>"; };
		B2EAFEAD9BCFDDBBC77F9A42 /* main.m */ = {isa = PBXFileReference; lastKnownFileType = sourcecode.c.objc; path = main.m; sourceTree = "<group>"; };
		B2EAFF765D2DA43B96D15673 /* SoundTestTests.m */ = {isa = PBXFileReference; lastKnownFileType = sourcecode.c.objc; path = SoundTestTests.m; sourceTree = "<group>"; };
/* End PBXFileReference section */

/* Begin PBXFrameworksBuildPhase section */
		B2EAF06400628216A3FEBB85 /* Frameworks */ = {
			isa = PBXFrameworksBuildPhase;
			buildActionMask = 2147483647;
			files = (
			);
			runOnlyForDeploymentPostprocessing = 0;
		};
		B2EAF9735BB01304027DC5D1 /* Frameworks */ = {
			isa = PBXFrameworksBuildPhase;
			buildActionMask = 2147483647;
			files = (
			);
			runOnlyForDeploymentPostprocessing = 0;
		};
		B2EAFD5E3440D6F0A5C09851 /* Frameworks */ = {
			isa = PBXFrameworksBuildPhase;
			buildActionMask = 2147483647;
			files = (
			);
			runOnlyForDeploymentPostprocessing = 0;
		};
/* End PBXFrameworksBuildPhase section */

/* Begin PBXGroup section */
		B2EAF1A60D98D91309F0E6D7 /* SoundTestTests */ = {
			isa = PBXGroup;
			children = (
				B2EAF6041CFC14B593250192 /* Info.plist */,
				B2EAFF765D2DA43B96D15673 /* SoundTestTests.m */,
			);
			path = SoundTestTests;
			sourceTree = "<group>";
		};
		B2EAF3605B7D199349C2B107 = {
			isa = PBXGroup;
			children = (
				B2EAF48BA22EACE56F5A483F /* Products */,
				B2EAFB412EABCCD78522F308 /* SoundTest */,
				B2EAF1A60D98D91309F0E6D7 /* SoundTestTests */,
				B2EAF66535BF9267F8C4A168 /* SoundTestUITests */,
			);
			sourceTree = "<group>";
		};
		B2EAF48BA22EACE56F5A483F /* Products */ = {
			isa = PBXGroup;
			children = (
				B2EAF8FFECD352F763CB4C3A /* SoundTest.app */,
				B2EAF7071D5B5E0DD7409ED4 /* SoundTestTests.xctest */,
				B2EAF67E08378C6157490C40 /* SoundTestUITests.xctest */,
			);
			name = Products;
			sourceTree = "<group>";
		};
		B2EAF4B27D38055A6C5F21E6 /* Supporting Files */ = {
			isa = PBXGroup;
			children = (
				B2EAFEAD9BCFDDBBC77F9A42 /* main.m */,
			);
			name = "Supporting Files";
			sourceTree = "<group>";
		};
		B2EAF66535BF9267F8C4A168 /* SoundTestUITests */ = {
			isa = PBXGroup;
			children = (
				B2EAF4927E62E6B296511D46 /* Info.plist */,
				B2EAF0A8FFB698025BBFB365 /* SoundTestUITests.m */,
			);
			path = SoundTestUITests;
			sourceTree = "<group>";
		};
		B2EAFB412EABCCD78522F308 /* SoundTest */ = {
			isa = PBXGroup;
			children = (
				B2EAF392345922E8C1819DB8 /* Info.plist */,
				B2EAFE24FC548A54E6B59C4A /* Assets.xcassets */,
				B2EAF4B27D38055A6C5F21E6 /* Supporting Files */,
				B2EAF4251CD50C189808ED03 /* AppDelegate.h */,
				B2EAF4341BFE8DABF708EFBF /* AppDelegate.m */,
				B2EAFA6DCE4D6C00F01928B4 /* Main.storyboard */,
				B2EAFE8AD384EA1438C1C838 /* ViewController.h */,
				B2EAF5AF07D8DF7F9A75E326 /* ViewController.m */,
			);
			path = SoundTest;
			sourceTree = "<group>";
		};
/* End PBXGroup section */

/* Begin PBXNativeTarget section */
		B2EAF461C36E0FD490C50FA1 /* SoundTest */ = {
			isa = PBXNativeTarget;
			buildConfigurationList = B2EAF5D98F4B967FD9D9EDAB /* Build configuration list for PBXNativeTarget "SoundTest" */;
			buildPhases = (
				B2EAF7143D63D5D646E2707E /* Sources */,
				B2EAF06400628216A3FEBB85 /* Frameworks */,
				B2EAF335112178FBE9F0B105 /* Resources */,
			);
			buildRules = (
			);
			dependencies = (
			);
			name = SoundTest;
			productName = SoundTest;
			productReference = B2EAF8FFECD352F763CB4C3A /* SoundTest.app */;
			productType = "com.apple.product-type.application";
		};
		B2EAF4A1F2AB1C80A736C0CD /* SoundTestTests */ = {
			isa = PBXNativeTarget;
			buildConfigurationList = B2EAF8DD0F61C13D5A6F5ABF /* Build configuration list for PBXNativeTarget "SoundTestTests" */;
			buildPhases = (
				B2EAF12D87726F6A74288884 /* Sources */,
				B2EAF9735BB01304027DC5D1 /* Frameworks */,
				B2EAFB673F1147D327C27672 /* Resources */,
			);
			buildRules = (
			);
			dependencies = (
				B2EAF7638921CECE2B956E33 /* PBXTargetDependency */,
			);
			name = SoundTestTests;
			productName = SoundTestTests;
			productReference = B2EAF7071D5B5E0DD7409ED4 /* SoundTestTests.xctest */;
			productType = "com.apple.product-type.bundle.unit-test";
		};
		B2EAF83A77FD9BE0D1BF2F29 /* SoundTestUITests */ = {
			isa = PBXNativeTarget;
			buildConfigurationList = B2EAF769E3D33391A13A780E /* Build configuration list for PBXNativeTarget "SoundTestUITests" */;
			buildPhases = (
				B2EAF8411E3AFD0678F598C7 /* Sources */,
				B2EAFD5E3440D6F0A5C09851 /* Frameworks */,
				B2EAF87781D443A020C11D88 /* Resources */,
			);
			buildRules = (
			);
			dependencies = (
				B2EAF459CB7B64C7EE32908B /* PBXTargetDependency */,
			);
			name = SoundTestUITests;
			productName = SoundTestUITests;
			productReference = B2EAF67E08378C6157490C40 /* SoundTestUITests.xctest */;
			productType = "com.apple.product-type.bundle.ui-testing";
		};
/* End PBXNativeTarget section */

/* Begin PBXProject section */
		B2EAF7D274761BDE088B43C3 /* Project object */ = {
			isa = PBXProject;
			attributes = {
				ORGANIZATIONNAME = Voodoo;
			};
			buildConfigurationList = B2EAF50299C059884EFD29FD /* Build configuration list for PBXProject "SoundTest" */;
			compatibilityVersion = "Xcode 3.2";
			developmentRegion = English;
			hasScannedForEncodings = 0;
			knownRegions = (
				en,
			);
			mainGroup = B2EAF3605B7D199349C2B107;
			productRefGroup = B2EAF48BA22EACE56F5A483F /* Products */;
			projectDirPath = "";
			projectRoot = "";
			targets = (
				B2EAF461C36E0FD490C50FA1 /* SoundTest */,
				B2EAF4A1F2AB1C80A736C0CD /* SoundTestTests */,
				B2EAF83A77FD9BE0D1BF2F29 /* SoundTestUITests */,
			);
		};
/* End PBXProject section */

/* Begin PBXResourcesBuildPhase section */
		B2EAF335112178FBE9F0B105 /* Resources */ = {
			isa = PBXResourcesBuildPhase;
			buildActionMask = 2147483647;
			files = (
				B2EAF0255AE10DF90E4DB2F6 /* Info.plist in Resources */,
				B2EAF8C4BA24B87A33431C46 /* Assets.xcassets in Resources */,
				B2EAFEE0955FAD29D9EF5ECE /* Main.storyboard in Resources */,
			);
			runOnlyForDeploymentPostprocessing = 0;
		};
		B2EAF87781D443A020C11D88 /* Resources */ = {
			isa = PBXResourcesBuildPhase;
			buildActionMask = 2147483647;
			files = (
				B2EAFCDA999BEF651A5966D7 /* Info.plist in Resources */,
			);
			runOnlyForDeploymentPostprocessing = 0;
		};
		B2EAFB673F1147D327C27672 /* Resources */ = {
			isa = PBXResourcesBuildPhase;
			buildActionMask = 2147483647;
			files = (
				B2EAF321236CEAB9F7905E1A /* Info.plist in Resources */,
			);
			runOnlyForDeploymentPostprocessing = 0;
		};
/* End PBXResourcesBuildPhase section */

/* Begin PBXSourcesBuildPhase section */
		B2EAF12D87726F6A74288884 /* Sources */ = {
			isa = PBXSourcesBuildPhase;
			buildActionMask = 2147483647;
			files = (
				B2EAF42576257BC2922A1E90 /* SoundTestTests.m in Sources */,
			);
			runOnlyForDeploymentPostprocessing = 0;
		};
		B2EAF7143D63D5D646E2707E /* Sources */ = {
			isa = PBXSourcesBuildPhase;
			buildActionMask = 2147483647;
			files = (
				B2EAF2BE145196ABFDD373D7 /* main.m in Sources */,
				B2EAF08CE17271A9F824C5AC /* AppDelegate.m in Sources */,
				B2EAFA8C872A8E60E206BE5D /* ViewController.m in Sources */,
			);
			runOnlyForDeploymentPostprocessing = 0;
		};
		B2EAF8411E3AFD0678F598C7 /* Sources */ = {
			isa = PBXSourcesBuildPhase;
			buildActionMask = 2147483647;
			files = (
				B2EAF296ED4999AAE99890FF /* SoundTestUITests.m in Sources */,
			);
			runOnlyForDeploymentPostprocessing = 0;
		};
/* End PBXSourcesBuildPhase section */

/* Begin PBXTargetDependency section */
		B2EAF459CB7B64C7EE32908B /* PBXTargetDependency */ = {
			isa = PBXTargetDependency;
			target = B2EAF461C36E0FD490C50FA1 /* SoundTest */;
			targetProxy = B2EAFD90DC3010BF605CEFCD /* PBXContainerItemProxy */;
		};
		B2EAF7638921CECE2B956E33 /* PBXTargetDependency */ = {
			isa = PBXTargetDependency;
			target = B2EAF461C36E0FD490C50FA1 /* SoundTest */;
			targetProxy = B2EAF529AFA04A83408D4D24 /* PBXContainerItemProxy */;
		};
/* End PBXTargetDependency section */

/* Begin PBXVariantGroup section */
		B2EAFA6DCE4D6C00F01928B4 /* Main.storyboard */ = {
			isa = PBXVariantGroup;
			children = (
				B2EAFE67F28A32C5E59B38DB /* Base */,
			);
			name = Main.storyboard;
			sourceTree = "<group>";
		};
/* End PBXVariantGroup section */

/* Begin XCBuildConfiguration section */
		B2EAF17F3683FDD4A0408E2B /* Debug */ = {
			isa = XCBuildConfiguration;
			buildSettings = {
				BUNDLE_LOADER = "$(BUILT_PRODUCTS_DIR)/SoundTest.app/SoundTest";
				INFOPLIST_FILE = SoundTestTests/Info.plist;
				LD_RUNPATH_SEARCH_PATHS = "$(inherited) @executable_path/Frameworks @loader_path/Frameworks";
				PRODUCT_BUNDLE_IDENTIFIER = poiuytre.SoundTestTests;
				PRODUCT_NAME = "$(TARGET_NAME)";
				TEST_HOST = "$(BUNDLE_LOADER)";
			};
			name = Debug;
		};
		B2EAF51ED3FC06B63B6F05BC /* Release */ = {
			isa = XCBuildConfiguration;
			buildSettings = {
				BUNDLE_LOADER = "$(BUILT_PRODUCTS_DIR)/SoundTest.app/SoundTest";
				INFOPLIST_FILE = SoundTestUITests/Info.plist;
				LD_RUNPATH_SEARCH_PATHS = "$(inherited) @executable_path/Frameworks @loader_path/Frameworks";
				PRODUCT_BUNDLE_IDENTIFIER = poiuytre.SoundTestUITests;
				PRODUCT_NAME = "$(TARGET_NAME)";
				TEST_HOST = "$(BUNDLE_LOADER)";
			};
			name = Release;
		};
		B2EAF6E1B99E6881551AD4CA /* Debug */ = {
			isa = XCBuildConfiguration;
			buildSettings = {
				ALWAYS_SEARCH_USER_PATHS = NO;
				CLANG_CXX_LANGUAGE_STANDARD = "gnu++0x";
				CLANG_CXX_LIBRARY = "libc++";
				CLANG_ENABLE_MODULES = YES;
				CLANG_ENABLE_OBJC_ARC = YES;
				CLANG_WARN_BOOL_CONVERSION = YES;
				CLANG_WARN_CONSTANT_CONVERSION = YES;
				CLANG_WARN_DIRECT_OBJC_ISA_USAGE = YES_ERROR;
				CLANG_WARN_EMPTY_BODY = YES;
				CLANG_WARN_ENUM_CONVERSION = YES;
				CLANG_WARN_INT_CONVERSION = YES;
				CLANG_WARN_OBJC_ROOT_CLASS = YES_ERROR;
				CLANG_WARN_UNREACHABLE_CODE = YES;
				CLANG_WARN__DUPLICATE_METHOD_MATCH = YES;
				COPY_PHASE_STRIP = NO;
				DEBUG_INFORMATION_FORMAT = dwarf;
				ENABLE_STRICT_OBJC_MSGSEND = YES;
				ENABLE_TESTABILITY = YES;
				GCC_C_LANGUAGE_STANDARD = gnu99;
				GCC_DYNAMIC_NO_PIC = NO;
				GCC_NO_COMMON_BLOCKS = YES;
				GCC_OPTIMIZATION_LEVEL = 0;
				GCC_PREPROCESSOR_DEFINITIONS = (
					"DEBUG=1",
					"$(inherited)",
				);
				GCC_WARN_64_TO_32_BIT_CONVERSION = YES;
				GCC_WARN_ABOUT_RETURN_TYPE = YES_ERROR;
				GCC_WARN_UNDECLARED_SELECTOR = YES;
				GCC_WARN_UNINITIALIZED_AUTOS = YES_AGGRESSIVE;
				GCC_WARN_UNUSED_FUNCTION = YES;
				GCC_WARN_UNUSED_VARIABLE = YES;
				MTL_ENABLE_DEBUG_INFO = YES;
				ONLY_ACTIVE_ARCH = YES;
				SDKROOT = appletvos;
				TARGETED_DEVICE_FAMILY = 3;
				TVOS_DEPLOYMENT_TARGET = 9.1;
			};
			name = Debug;
		};
		B2EAF872505CF71B3C520748 /* Release */ = {
			isa = XCBuildConfiguration;
			buildSettings = {
				ASSETCATALOG_COMPILER_APPICON_NAME = "App Icon & Top Shelf Image";
				ASSETCATALOG_COMPILER_LAUNCHIMAGE_NAME = LaunchImage;
				INFOPLIST_FILE = SoundTest/Info.plist;
				LD_RUNPATH_SEARCH_PATHS = "$(inherited) @executable_path/Frameworks";
				PRODUCT_BUNDLE_IDENTIFIER = poiuytre.SoundTest;
				PRODUCT_NAME = "$(TARGET_NAME)";
			};
			name = Release;
		};
		B2EAF960D36CD09C885CCB1A /* Release */ = {
			isa = XCBuildConfiguration;
			buildSettings = {
				BUNDLE_LOADER = "$(BUILT_PRODUCTS_DIR)/SoundTest.app/SoundTest";
				INFOPLIST_FILE = SoundTestTests/Info.plist;
				LD_RUNPATH_SEARCH_PATHS = "$(inherited) @executable_path/Frameworks @loader_path/Frameworks";
				PRODUCT_BUNDLE_IDENTIFIER = poiuytre.SoundTestTests;
				PRODUCT_NAME = "$(TARGET_NAME)";
				TEST_HOST = "$(BUNDLE_LOADER)";
			};
			name = Release;
		};
		B2EAF999256EB8ACD7F02276 /* Debug */ = {
			isa = XCBuildConfiguration;
			buildSettings = {
				BUNDLE_LOADER = "$(BUILT_PRODUCTS_DIR)/SoundTest.app/SoundTest";
				INFOPLIST_FILE = SoundTestUITests/Info.plist;
				LD_RUNPATH_SEARCH_PATHS = "$(inherited) @executable_path/Frameworks @loader_path/Frameworks";
				PRODUCT_BUNDLE_IDENTIFIER = poiuytre.SoundTestUITests;
				PRODUCT_NAME = "$(TARGET_NAME)";
				TEST_HOST = "$(BUNDLE_LOADER)";
			};
			name = Debug;
		};
		B2EAFC0D53440D77E1703439 /* Debug */ = {
			isa = XCBuildConfiguration;
			buildSettings = {
				ASSETCATALOG_COMPILER_APPICON_NAME = "App Icon & Top Shelf Image";
				ASSETCATALOG_COMPILER_LAUNCHIMAGE_NAME = LaunchImage;
				INFOPLIST_FILE = SoundTest/Info.plist;
				LD_RUNPATH_SEARCH_PATHS = "$(inherited) @executable_path/Frameworks";
				PRODUCT_BUNDLE_IDENTIFIER = poiuytre.SoundTest;
				PRODUCT_NAME = "$(TARGET_NAME)";
			};
			name = Debug;
		};
		B2EAFDB3CCF16A26447C4069 /* Release */ = {
			isa = XCBuildConfiguration;
			buildSettings = {
				ALWAYS_SEARCH_USER_PATHS = NO;
				CLANG_CXX_LANGUAGE_STANDARD = "gnu++0x";
				CLANG_CXX_LIBRARY = "libc++";
				CLANG_ENABLE_MODULES = YES;
				CLANG_ENABLE_OBJC_ARC = YES;
				CLANG_WARN_BOOL_CONVERSION = YES;
				CLANG_WARN_CONSTANT_CONVERSION = YES;
				CLANG_WARN_DIRECT_OBJC_ISA_USAGE = YES_ERROR;
				CLANG_WARN_EMPTY_BODY = YES;
				CLANG_WARN_ENUM_CONVERSION = YES;
				CLANG_WARN_INT_CONVERSION = YES;
				CLANG_WARN_OBJC_ROOT_CLASS = YES_ERROR;
				CLANG_WARN_UNREACHABLE_CODE = YES;
				CLANG_WARN__DUPLICATE_METHOD_MATCH = YES;
				COPY_PHASE_STRIP = NO;
				DEBUG_INFORMATION_FORMAT = "dwarf-with-dsym";
				ENABLE_NS_ASSERTIONS = NO;
				ENABLE_STRICT_OBJC_MSGSEND = YES;
				GCC_C_LANGUAGE_STANDARD = gnu99;
				GCC_NO_COMMON_BLOCKS = YES;
				GCC_WARN_64_TO_32_BIT_CONVERSION = YES;
				GCC_WARN_ABOUT_RETURN_TYPE = YES_ERROR;
				GCC_WARN_UNDECLARED_SELECTOR = YES;
				GCC_WARN_UNINITIALIZED_AUTOS = YES_AGGRESSIVE;
				GCC_WARN_UNUSED_FUNCTION = YES;
				GCC_WARN_UNUSED_VARIABLE = YES;
				MTL_ENABLE_DEBUG_INFO = NO;
				SDKROOT = appletvos;
				TARGETED_DEVICE_FAMILY = 3;
				TVOS_DEPLOYMENT_TARGET = 9.1;
				VALIDATE_PRODUCT = YES;
			};
			name = Release;
		};
/* End XCBuildConfiguration section */

/* Begin XCConfigurationList section */
		B2EAF50299C059884EFD29FD /* Build configuration list for PBXProject "SoundTest" */ = {
			isa = XCConfigurationList;
			buildConfigurations = (
				B2EAF6E1B99E6881551AD4CA /* Debug */,
				B2EAFDB3CCF16A26447C4069 /* Release */,
			);
			defaultConfigurationIsVisible = 0;
			defaultConfigurationName = Release;
		};
		B2EAF5D98F4B967FD9D9EDAB /* Build configuration list for PBXNativeTarget "SoundTest" */ = {
			isa = XCConfigurationList;
			buildConfigurations = (
				B2EAFC0D53440D77E1703439 /* Debug */,
				B2EAF872505CF71B3C520748 /* Release */,
			);
			defaultConfigurationIsVisible = 0;
		};
		B2EAF769E3D33391A13A780E /* Build configuration list for PBXNativeTarget "SoundTestUITests" */ = {
			isa = XCConfigurationList;
			buildConfigurations = (
				B2EAF999256EB8ACD7F02276 /* Debug */,
				B2EAF51ED3FC06B63B6F05BC /* Release */,
			);
			defaultConfigurationIsVisible = 0;
		};
		B2EAF8DD0F61C13D5A6F5ABF /* Build configuration list for PBXNativeTarget "SoundTestTests" */ = {
			isa = XCConfigurationList;
			buildConfigurations = (
				B2EAF17F3683FDD4A0408E2B /* Debug */,
				B2EAF960D36CD09C885CCB1A /* Release */,
			);
			defaultConfigurationIsVisible = 0;
		};
/* End XCConfigurationList section */
	};
	rootObject = B2EAF7D274761BDE088B43C3 /* Project object */;
}
